// !$*UTF8*$!
{
	archiveVersion = 1;
	classes = {
	};
	objectVersion = 46;
	objects = {

/* Begin PBXBuildFile section */
		A51EC6951AE180270011792A /* LeftTrackSlice.png in Resources */ = {isa = PBXBuildFile; fileRef = A51EC6921AE180270011792A /* LeftTrackSlice.png */; };
		A51EC6961AE180270011792A /* RightTrackSlice.png in Resources */ = {isa = PBXBuildFile; fileRef = A51EC6931AE180270011792A /* RightTrackSlice.png */; };
		A51EC6971AE180270011792A /* Slider.png in Resources */ = {isa = PBXBuildFile; fileRef = A51EC6941AE180270011792A /* Slider.png */; };
		A5629B441AE042A400BE9CC6 /* main.m in Sources */ = {isa = PBXBuildFile; fileRef = A5629B431AE042A400BE9CC6 /* main.m */; };
		A5629B471AE042A400BE9CC6 /* AppDelegate.m in Sources */ = {isa = PBXBuildFile; fileRef = A5629B461AE042A400BE9CC6 /* AppDelegate.m */; };
		A5629B4A1AE042A400BE9CC6 /* ViewController.m in Sources */ = {isa = PBXBuildFile; fileRef = A5629B491AE042A400BE9CC6 /* ViewController.m */; };
		A5629B4F1AE042A400BE9CC6 /* Images.xcassets in Resources */ = {isa = PBXBuildFile; fileRef = A5629B4E1AE042A400BE9CC6 /* Images.xcassets */; };
		A5629B521AE042A400BE9CC6 /* LaunchScreen.xib in Resources */ = {isa = PBXBuildFile; fileRef = A5629B501AE042A400BE9CC6 /* LaunchScreen.xib */; };
		A5629B5E1AE042A400BE9CC6 /* SongLoopSlowdownTests.m in Sources */ = {isa = PBXBuildFile; fileRef = A5629B5D1AE042A400BE9CC6 /* SongLoopSlowdownTests.m */; };
		A5629B681AE0507200BE9CC6 /* MediaPlayer.framework in Frameworks */ = {isa = PBXBuildFile; fileRef = A5629B671AE0507200BE9CC6 /* MediaPlayer.framework */; };
		A5629B6A1AE0507C00BE9CC6 /* AVFoundation.framework in Frameworks */ = {isa = PBXBuildFile; fileRef = A5629B691AE0507C00BE9CC6 /* AVFoundation.framework */; };
/* End PBXBuildFile section */

/* Begin PBXContainerItemProxy section */
		A5629B581AE042A400BE9CC6 /* PBXContainerItemProxy */ = {
			isa = PBXContainerItemProxy;
			containerPortal = A5629B361AE042A400BE9CC6 /* Project object */;
			proxyType = 1;
			remoteGlobalIDString = A5629B3D1AE042A400BE9CC6;
			remoteInfo = SongLoopSlowdown;
		};
/* End PBXContainerItemProxy section */

/* Begin PBXFileReference section */
		A51EC6921AE180270011792A /* LeftTrackSlice.png */ = {isa = PBXFileReference; lastKnownFileType = image.png; path = LeftTrackSlice.png; sourceTree = "<group>"; };
		A51EC6931AE180270011792A /* RightTrackSlice.png */ = {isa = PBXFileReference; lastKnownFileType = image.png; path = RightTrackSlice.png; sourceTree = "<group>"; };
		A51EC6941AE180270011792A /* Slider.png */ = {isa = PBXFileReference; lastKnownFileType = image.png; path = Slider.png; sourceTree = "<group>"; };
		A5629B3E1AE042A400BE9CC6 /* SongLoopSlowdown.app */ = {isa = PBXFileReference; explicitFileType = wrapper.application; includeInIndex = 0; path = SongLoopSlowdown.app; sourceTree = BUILT_PRODUCTS_DIR; };
		A5629B421AE042A400BE9CC6 /* Info.plist */ = {isa = PBXFileReference; lastKnownFileType = text.plist.xml; path = Info.plist; sourceTree = "<group>"; };
		A5629B431AE042A400BE9CC6 /* main.m */ = {isa = PBXFileReference; lastKnownFileType = sourcecode.c.objc; path = main.m; sourceTree = "<group>"; };
		A5629B451AE042A400BE9CC6 /* AppDelegate.h */ = {isa = PBXFileReference; lastKnownFileType = sourcecode.c.h; path = AppDelegate.h; sourceTree = "<group>"; };
		A5629B461AE042A400BE9CC6 /* AppDelegate.m */ = {isa = PBXFileReference; lastKnownFileType = sourcecode.c.objc; path = AppDelegate.m; sourceTree = "<group>"; };
		A5629B481AE042A400BE9CC6 /* ViewController.h */ = {isa = PBXFileReference; lastKnownFileType = sourcecode.c.h; path = ViewController.h; sourceTree = "<group>"; };
		A5629B491AE042A400BE9CC6 /* ViewController.m */ = {isa = PBXFileReference; lastKnownFileType = sourcecode.c.objc; path = ViewController.m; sourceTree = "<group>"; };
		A5629B4E1AE042A400BE9CC6 /* Images.xcassets */ = {isa = PBXFileReference; lastKnownFileType = folder.assetcatalog; path = Images.xcassets; sourceTree = "<group>"; };
		A5629B511AE042A400BE9CC6 /* Base */ = {isa = PBXFileReference; lastKnownFileType = file.xib; name = Base; path = Base.lproj/LaunchScreen.xib; sourceTree = "<group>"; };
		A5629B571AE042A400BE9CC6 /* SongLoopSlowdownTests.xctest */ = {isa = PBXFileReference; explicitFileType = wrapper.cfbundle; includeInIndex = 0; path = SongLoopSlowdownTests.xctest; sourceTree = BUILT_PRODUCTS_DIR; };
		A5629B5C1AE042A400BE9CC6 /* Info.plist */ = {isa = PBXFileReference; lastKnownFileType = text.plist.xml; path = Info.plist; sourceTree = "<group>"; };
		A5629B5D1AE042A400BE9CC6 /* SongLoopSlowdownTests.m */ = {isa = PBXFileReference; lastKnownFileType = sourcecode.c.objc; path = SongLoopSlowdownTests.m; sourceTree = "<group>"; };
		A5629B671AE0507200BE9CC6 /* MediaPlayer.framework */ = {isa = PBXFileReference; lastKnownFileType = wrapper.framework; name = MediaPlayer.framework; path = System/Library/Frameworks/MediaPlayer.framework; sourceTree = SDKROOT; };
		A5629B691AE0507C00BE9CC6 /* AVFoundation.framework */ = {isa = PBXFileReference; lastKnownFileType = wrapper.framework; name = AVFoundation.framework; path = System/Library/Frameworks/AVFoundation.framework; sourceTree = SDKROOT; };
/* End PBXFileReference section */

/* Begin PBXFrameworksBuildPhase section */
		A5629B3B1AE042A400BE9CC6 /* Frameworks */ = {
			isa = PBXFrameworksBuildPhase;
			buildActionMask = 2147483647;
			files = (
				A5629B6A1AE0507C00BE9CC6 /* AVFoundation.framework in Frameworks */,
				A5629B681AE0507200BE9CC6 /* MediaPlayer.framework in Frameworks */,
			);
			runOnlyForDeploymentPostprocessing = 0;
		};
		A5629B541AE042A400BE9CC6 /* Frameworks */ = {
			isa = PBXFrameworksBuildPhase;
			buildActionMask = 2147483647;
			files = (
			);
			runOnlyForDeploymentPostprocessing = 0;
		};
/* End PBXFrameworksBuildPhase section */

/* Begin PBXGroup section */
		A5629B351AE042A400BE9CC6 = {
			isa = PBXGroup;
			children = (
				A5629B6B1AE0526800BE9CC6 /* Frameworks */,
				A5629B401AE042A400BE9CC6 /* SongLoopSlowdown */,
				A5629B5A1AE042A400BE9CC6 /* SongLoopSlowdownTests */,
				A5629B3F1AE042A400BE9CC6 /* Products */,
			);
			sourceTree = "<group>";
		};
		A5629B3F1AE042A400BE9CC6 /* Products */ = {
			isa = PBXGroup;
			children = (
				A5629B3E1AE042A400BE9CC6 /* SongLoopSlowdown.app */,
				A5629B571AE042A400BE9CC6 /* SongLoopSlowdownTests.xctest */,
			);
			name = Products;
			sourceTree = "<group>";
		};
		A5629B401AE042A400BE9CC6 /* SongLoopSlowdown */ = {
			isa = PBXGroup;
			children = (
				A5629B451AE042A400BE9CC6 /* AppDelegate.h */,
				A5629B461AE042A400BE9CC6 /* AppDelegate.m */,
				A5629B481AE042A400BE9CC6 /* ViewController.h */,
				A5629B491AE042A400BE9CC6 /* ViewController.m */,
				A5629B4E1AE042A400BE9CC6 /* Images.xcassets */,
				A51EC6921AE180270011792A /* LeftTrackSlice.png */,
				A51EC6931AE180270011792A /* RightTrackSlice.png */,
				A51EC6941AE180270011792A /* Slider.png */,
				A5629B501AE042A400BE9CC6 /* LaunchScreen.xib */,
				A5629B411AE042A400BE9CC6 /* Supporting Files */,
			);
			path = SongLoopSlowdown;
			sourceTree = "<group>";
		};
		A5629B411AE042A400BE9CC6 /* Supporting Files */ = {
			isa = PBXGroup;
			children = (
				A5629B421AE042A400BE9CC6 /* Info.plist */,
				A5629B431AE042A400BE9CC6 /* main.m */,
			);
			name = "Supporting Files";
			sourceTree = "<group>";
		};
		A5629B5A1AE042A400BE9CC6 /* SongLoopSlowdownTests */ = {
			isa = PBXGroup;
			children = (
				A5629B5D1AE042A400BE9CC6 /* SongLoopSlowdownTests.m */,
				A5629B5B1AE042A400BE9CC6 /* Supporting Files */,
			);
			path = SongLoopSlowdownTests;
			sourceTree = "<group>";
		};
		A5629B5B1AE042A400BE9CC6 /* Supporting Files */ = {
			isa = PBXGroup;
			children = (
				A5629B5C1AE042A400BE9CC6 /* Info.plist */,
			);
			name = "Supporting Files";
			sourceTree = "<group>";
		};
		A5629B6B1AE0526800BE9CC6 /* Frameworks */ = {
			isa = PBXGroup;
			children = (
				A5629B691AE0507C00BE9CC6 /* AVFoundation.framework */,
				A5629B671AE0507200BE9CC6 /* MediaPlayer.framework */,
			);
			name = Frameworks;
			sourceTree = "<group>";
		};
/* End PBXGroup section */

/* Begin PBXNativeTarget section */
		A5629B3D1AE042A400BE9CC6 /* SongLoopSlowdown */ = {
			isa = PBXNativeTarget;
			buildConfigurationList = A5629B611AE042A400BE9CC6 /* Build configuration list for PBXNativeTarget "SongLoopSlowdown" */;
			buildPhases = (
				A5629B3A1AE042A400BE9CC6 /* Sources */,
				A5629B3B1AE042A400BE9CC6 /* Frameworks */,
				A5629B3C1AE042A400BE9CC6 /* Resources */,
			);
			buildRules = (
			);
			dependencies = (
			);
			name = SongLoopSlowdown;
			productName = SongLoopSlowdown;
			productReference = A5629B3E1AE042A400BE9CC6 /* SongLoopSlowdown.app */;
			productType = "com.apple.product-type.application";
		};
		A5629B561AE042A400BE9CC6 /* SongLoopSlowdownTests */ = {
			isa = PBXNativeTarget;
			buildConfigurationList = A5629B641AE042A400BE9CC6 /* Build configuration list for PBXNativeTarget "SongLoopSlowdownTests" */;
			buildPhases = (
				A5629B531AE042A400BE9CC6 /* Sources */,
				A5629B541AE042A400BE9CC6 /* Frameworks */,
				A5629B551AE042A400BE9CC6 /* Resources */,
			);
			buildRules = (
			);
			dependencies = (
				A5629B591AE042A400BE9CC6 /* PBXTargetDependency */,
			);
			name = SongLoopSlowdownTests;
			productName = SongLoopSlowdownTests;
			productReference = A5629B571AE042A400BE9CC6 /* SongLoopSlowdownTests.xctest */;
			productType = "com.apple.product-type.bundle.unit-test";
		};
/* End PBXNativeTarget section */

/* Begin PBXProject section */
		A5629B361AE042A400BE9CC6 /* Project object */ = {
			isa = PBXProject;
			attributes = {
				LastUpgradeCheck = 0630;
				ORGANIZATIONNAME = Doug;
				TargetAttributes = {
					A5629B3D1AE042A400BE9CC6 = {
						CreatedOnToolsVersion = 6.3;
					};
					A5629B561AE042A400BE9CC6 = {
						CreatedOnToolsVersion = 6.3;
						TestTargetID = A5629B3D1AE042A400BE9CC6;
					};
				};
			};
			buildConfigurationList = A5629B391AE042A400BE9CC6 /* Build configuration list for PBXProject "SongLoopSlowdown" */;
			compatibilityVersion = "Xcode 3.2";
			developmentRegion = English;
			hasScannedForEncodings = 0;
			knownRegions = (
				en,
				Base,
			);
			mainGroup = A5629B351AE042A400BE9CC6;
			productRefGroup = A5629B3F1AE042A400BE9CC6 /* Products */;
			projectDirPath = "";
			projectRoot = "";
			targets = (
				A5629B3D1AE042A400BE9CC6 /* SongLoopSlowdown */,
				A5629B561AE042A400BE9CC6 /* SongLoopSlowdownTests */,
			);
		};
/* End PBXProject section */

/* Begin PBXResourcesBuildPhase section */
		A5629B3C1AE042A400BE9CC6 /* Resources */ = {
			isa = PBXResourcesBuildPhase;
			buildActionMask = 2147483647;
			files = (
				A51EC6951AE180270011792A /* LeftTrackSlice.png in Resources */,
				A51EC6961AE180270011792A /* RightTrackSlice.png in Resources */,
				A5629B521AE042A400BE9CC6 /* LaunchScreen.xib in Resources */,
				A51EC6971AE180270011792A /* Slider.png in Resources */,
				A5629B4F1AE042A400BE9CC6 /* Images.xcassets in Resources */,
			);
			runOnlyForDeploymentPostprocessing = 0;
		};
		A5629B551AE042A400BE9CC6 /* Resources */ = {
			isa = PBXResourcesBuildPhase;
			buildActionMask = 2147483647;
			files = (
			);
			runOnlyForDeploymentPostprocessing = 0;
		};
/* End PBXResourcesBuildPhase section */

/* Begin PBXSourcesBuildPhase section */
		A5629B3A1AE042A400BE9CC6 /* Sources */ = {
			isa = PBXSourcesBuildPhase;
			buildActionMask = 2147483647;
			files = (
				A5629B4A1AE042A400BE9CC6 /* ViewController.m in Sources */,
				A5629B471AE042A400BE9CC6 /* AppDelegate.m in Sources */,
				A5629B441AE042A400BE9CC6 /* main.m in Sources */,
			);
			runOnlyForDeploymentPostprocessing = 0;
		};
		A5629B531AE042A400BE9CC6 /* Sources */ = {
			isa = PBXSourcesBuildPhase;
			buildActionMask = 2147483647;
			files = (
				A5629B5E1AE042A400BE9CC6 /* SongLoopSlowdownTests.m in Sources */,
			);
			runOnlyForDeploymentPostprocessing = 0;
		};
/* End PBXSourcesBuildPhase section */

/* Begin PBXTargetDependency section */
		A5629B591AE042A400BE9CC6 /* PBXTargetDependency */ = {
			isa = PBXTargetDependency;
			target = A5629B3D1AE042A400BE9CC6 /* SongLoopSlowdown */;
			targetProxy = A5629B581AE042A400BE9CC6 /* PBXContainerItemProxy */;
		};
/* End PBXTargetDependency section */

/* Begin PBXVariantGroup section */
		A5629B501AE042A400BE9CC6 /* LaunchScreen.xib */ = {
			isa = PBXVariantGroup;
			children = (
				A5629B511AE042A400BE9CC6 /* Base */,
			);
			name = LaunchScreen.xib;
			sourceTree = "<group>";
		};
/* End PBXVariantGroup section */

/* Begin XCBuildConfiguration section */
		A5629B5F1AE042A400BE9CC6 /* Debug */ = {
			isa = XCBuildConfiguration;
			buildSettings = {
				ALWAYS_SEARCH_USER_PATHS = NO;
				CLANG_CXX_LANGUAGE_STANDARD = "gnu++0x";
				CLANG_CXX_LIBRARY = "libc++";
				CLANG_ENABLE_MODULES = YES;
				CLANG_ENABLE_OBJC_ARC = YES;
				CLANG_WARN_BOOL_CONVERSION = YES;
				CLANG_WARN_CONSTANT_CONVERSION = YES;
				CLANG_WARN_DIRECT_OBJC_ISA_USAGE = YES_ERROR;
				CLANG_WARN_EMPTY_BODY = YES;
				CLANG_WARN_ENUM_CONVERSION = YES;
				CLANG_WARN_INT_CONVERSION = YES;
				CLANG_WARN_OBJC_ROOT_CLASS = YES_ERROR;
				CLANG_WARN_UNREACHABLE_CODE = YES;
				CLANG_WARN__DUPLICATE_METHOD_MATCH = YES;
				"CODE_SIGN_IDENTITY[sdk=iphoneos*]" = "iPhone Developer";
				COPY_PHASE_STRIP = NO;
				DEBUG_INFORMATION_FORMAT = "dwarf-with-dsym";
				ENABLE_STRICT_OBJC_MSGSEND = YES;
				GCC_C_LANGUAGE_STANDARD = gnu99;
				GCC_DYNAMIC_NO_PIC = NO;
				GCC_NO_COMMON_BLOCKS = YES;
				GCC_OPTIMIZATION_LEVEL = 0;
				GCC_PREPROCESSOR_DEFINITIONS = (
					"DEBUG=1",
					"$(inherited)",
				);
				GCC_SYMBOLS_PRIVATE_EXTERN = NO;
				GCC_WARN_64_TO_32_BIT_CONVERSION = YES;
				GCC_WARN_ABOUT_RETURN_TYPE = YES_ERROR;
				GCC_WARN_UNDECLARED_SELECTOR = YES;
				GCC_WARN_UNINITIALIZED_AUTOS = YES_AGGRESSIVE;
				GCC_WARN_UNUSED_FUNCTION = YES;
				GCC_WARN_UNUSED_VARIABLE = YES;
				IPHONEOS_DEPLOYMENT_TARGET = 8.3;
				MTL_ENABLE_DEBUG_INFO = YES;
				ONLY_ACTIVE_ARCH = YES;
				SDKROOT = iphoneos;
				TARGETED_DEVICE_FAMILY = "1,2";
			};
			name = Debug;
		};
		A5629B601AE042A400BE9CC6 /* Release */ = {
			isa = XCBuildConfiguration;
			buildSettings = {
				ALWAYS_SEARCH_USER_PATHS = NO;
				CLANG_CXX_LANGUAGE_STANDARD = "gnu++0x";
				CLANG_CXX_LIBRARY = "libc++";
				CLANG_ENABLE_MODULES = YES;
				CLANG_ENABLE_OBJC_ARC = YES;
				CLANG_WARN_BOOL_CONVERSION = YES;
				CLANG_WARN_CONSTANT_CONVERSION = YES;
				CLANG_WARN_DIRECT_OBJC_ISA_USAGE = YES_ERROR;
				CLANG_WARN_EMPTY_BODY = YES;
				CLANG_WARN_ENUM_CONVERSION = YES;
				CLANG_WARN_INT_CONVERSION = YES;
				CLANG_WARN_OBJC_ROOT_CLASS = YES_ERROR;
				CLANG_WARN_UNREACHABLE_CODE = YES;
				CLANG_WARN__DUPLICATE_METHOD_MATCH = YES;
				"CODE_SIGN_IDENTITY[sdk=iphoneos*]" = "iPhone Developer";
				COPY_PHASE_STRIP = NO;
				DEBUG_INFORMATION_FORMAT = "dwarf-with-dsym";
				ENABLE_NS_ASSERTIONS = NO;
				ENABLE_STRICT_OBJC_MSGSEND = YES;
				GCC_C_LANGUAGE_STANDARD = gnu99;
				GCC_NO_COMMON_BLOCKS = YES;
				GCC_WARN_64_TO_32_BIT_CONVERSION = YES;
				GCC_WARN_ABOUT_RETURN_TYPE = YES_ERROR;
				GCC_WARN_UNDECLARED_SELECTOR = YES;
				GCC_WARN_UNINITIALIZED_AUTOS = YES_AGGRESSIVE;
				GCC_WARN_UNUSED_FUNCTION = YES;
				GCC_WARN_UNUSED_VARIABLE = YES;
				IPHONEOS_DEPLOYMENT_TARGET = 8.3;
				MTL_ENABLE_DEBUG_INFO = NO;
				SDKROOT = iphoneos;
				TARGETED_DEVICE_FAMILY = "1,2";
				VALIDATE_PRODUCT = YES;
			};
			name = Release;
		};
		A5629B621AE042A400BE9CC6 /* Debug */ = {
			isa = XCBuildConfiguration;
			buildSettings = {
				ASSETCATALOG_COMPILER_APPICON_NAME = AppIcon;
				INFOPLIST_FILE = SongLoopSlowdown/Info.plist;
				IPHONEOS_DEPLOYMENT_TARGET = 6.0;
				LD_RUNPATH_SEARCH_PATHS = "$(inherited) @executable_path/Frameworks";
				PRODUCT_NAME = "$(TARGET_NAME)";
			};
			name = Debug;
		};
		A5629B631AE042A400BE9CC6 /* Release */ = {
			isa = XCBuildConfiguration;
			buildSettings = {
				ASSETCATALOG_COMPILER_APPICON_NAME = AppIcon;
				INFOPLIST_FILE = SongLoopSlowdown/Info.plist;
				IPHONEOS_DEPLOYMENT_TARGET = 6.0;
				LD_RUNPATH_SEARCH_PATHS = "$(inherited) @executable_path/Frameworks";
				PRODUCT_NAME = "$(TARGET_NAME)";
			};
			name = Release;
		};
		A5629B651AE042A400BE9CC6 /* Debug */ = {
			isa = XCBuildConfiguration;
			buildSettings = {
				BUNDLE_LOADER = "$(TEST_HOST)";
				FRAMEWORK_SEARCH_PATHS = (
					"$(SDKROOT)/Developer/Library/Frameworks",
					"$(inherited)",
				);
				GCC_PREPROCESSOR_DEFINITIONS = (
					"DEBUG=1",
					"$(inherited)",
				);
				INFOPLIST_FILE = SongLoopSlowdownTests/Info.plist;
				LD_RUNPATH_SEARCH_PATHS = "$(inherited) @executable_path/Frameworks @loader_path/Frameworks";
				PRODUCT_NAME = "$(TARGET_NAME)";
				TEST_HOST = "$(BUILT_PRODUCTS_DIR)/SongLoopSlowdown.app/SongLoopSlowdown";
			};
			name = Debug;
		};
		A5629B661AE042A400BE9CC6 /* Release */ = {
			isa = XCBuildConfiguration;
			buildSettings = {
				BUNDLE_LOADER = "$(TEST_HOST)";
				FRAMEWORK_SEARCH_PATHS = (
					"$(SDKROOT)/Developer/Library/Frameworks",
					"$(inherited)",
				);
				INFOPLIST_FILE = SongLoopSlowdownTests/Info.plist;
				LD_RUNPATH_SEARCH_PATHS = "$(inherited) @executable_path/Frameworks @loader_path/Frameworks";
				PRODUCT_NAME = "$(TARGET_NAME)";
				TEST_HOST = "$(BUILT_PRODUCTS_DIR)/SongLoopSlowdown.app/SongLoopSlowdown";
			};
			name = Release;
		};
/* End XCBuildConfiguration section */

/* Begin XCConfigurationList section */
		A5629B391AE042A400BE9CC6 /* Build configuration list for PBXProject "SongLoopSlowdown" */ = {
			isa = XCConfigurationList;
			buildConfigurations = (
				A5629B5F1AE042A400BE9CC6 /* Debug */,
				A5629B601AE042A400BE9CC6 /* Release */,
			);
			defaultConfigurationIsVisible = 0;
			defaultConfigurationName = Release;
		};
		A5629B611AE042A400BE9CC6 /* Build configuration list for PBXNativeTarget "SongLoopSlowdown" */ = {
			isa = XCConfigurationList;
			buildConfigurations = (
				A5629B621AE042A400BE9CC6 /* Debug */,
				A5629B631AE042A400BE9CC6 /* Release */,
			);
			defaultConfigurationIsVisible = 0;
			defaultConfigurationName = Release;
		};
		A5629B641AE042A400BE9CC6 /* Build configuration list for PBXNativeTarget "SongLoopSlowdownTests" */ = {
			isa = XCConfigurationList;
			buildConfigurations = (
				A5629B651AE042A400BE9CC6 /* Debug */,
				A5629B661AE042A400BE9CC6 /* Release */,
			);
			defaultConfigurationIsVisible = 0;
			defaultConfigurationName = Release;
		};
/* End XCConfigurationList section */
	};
	rootObject = A5629B361AE042A400BE9CC6 /* Project object */;
}
